
Microsoft Visual Studio Solution File, Format Version 12.00
# Visual Studio Version 17
VisualStudioVersion = 17.1.32210.238
MinimumVisualStudioVersion = 10.0.40219.1
Project("{9A19103F-16F7-4668-BE54-9A1E7A4F7556}") = "PG.Presentation", "WebAPIProyectoDeGrado\PG.Presentation.csproj", "{546F51A2-5312-479B-9012-786ECF6618D0}"
EndProject
Project("{9A19103F-16F7-4668-BE54-9A1E7A4F7556}") = "PG.Models", "Models\PG.Models.csproj", "{F530DD8A-F2BF-4732-91EC-9261A4BEF33A}"
EndProject
Project("{9A19103F-16F7-4668-BE54-9A1E7A4F7556}") = "PG.Bussiness", "PG.Bussiness\PG.Bussiness.csproj", "{4A9BD931-B939-4329-B5CE-4FED3E125E47}"
EndProject
Global
	GlobalSection(SolutionConfigurationPlatforms) = preSolution
		Debug|Any CPU = Debug|Any CPU
		Release|Any CPU = Release|Any CPU
	EndGlobalSection
	GlobalSection(ProjectConfigurationPlatforms) = postSolution
		{546F51A2-5312-479B-9012-786ECF6618D0}.Debug|Any CPU.ActiveCfg = Debug|Any CPU
		{546F51A2-5312-479B-9012-786ECF6618D0}.Debug|Any CPU.Build.0 = Debug|Any CPU
		{546F51A2-5312-479B-9012-786ECF6618D0}.Release|Any CPU.ActiveCfg = Release|Any CPU
		{546F51A2-5312-479B-9012-786ECF6618D0}.Release|Any CPU.Build.0 = Release|Any CPU
		{F530DD8A-F2BF-4732-91EC-9261A4BEF33A}.Debug|Any CPU.ActiveCfg = Debug|Any CPU
		{F530DD8A-F2BF-4732-91EC-9261A4BEF33A}.Debug|Any CPU.Build.0 = Debug|Any CPU
		{F530DD8A-F2BF-4732-91EC-9261A4BEF33A}.Release|Any CPU.ActiveCfg = Release|Any CPU
		{F530DD8A-F2BF-4732-91EC-9261A4BEF33A}.Release|Any CPU.Build.0 = Release|Any CPU
		{4A9BD931-B939-4329-B5CE-4FED3E125E47}.Debug|Any CPU.ActiveCfg = Debug|Any CPU
		{4A9BD931-B939-4329-B5CE-4FED3E125E47}.Debug|Any CPU.Build.0 = Debug|Any CPU
		{4A9BD931-B939-4329-B5CE-4FED3E125E47}.Release|Any CPU.ActiveCfg = Release|Any CPU
		{4A9BD931-B939-4329-B5CE-4FED3E125E47}.Release|Any CPU.Build.0 = Release|Any CPU
	EndGlobalSection
	GlobalSection(SolutionProperties) = preSolution
		HideSolutionNode = FALSE
	EndGlobalSection
	GlobalSection(ExtensibilityGlobals) = postSolution
		SolutionGuid = {278DAB3D-2BEA-44AD-B574-A01663DE6C42}
	EndGlobalSection
EndGlobal
